
Microsoft Visual Studio Solution File, Format Version 12.00
# Visual Studio Version 17
VisualStudioVersion = 17.3.32819.101
MinimumVisualStudioVersion = 10.0.40219.1
Project("{9A19103F-16F7-4668-BE54-9A1E7A4F7556}") = "LogsApplication", "LogsApplication\LogsApplication.csproj", "{450DA457-96C6-4652-80EA-44E214FE429E}"
EndProject
Global
	GlobalSection(SolutionConfigurationPlatforms) = preSolution
		Debug|Any CPU = Debug|Any CPU
		Release|Any CPU = Release|Any CPU
	EndGlobalSection
	GlobalSection(ProjectConfigurationPlatforms) = postSolution
		{450DA457-96C6-4652-80EA-44E214FE429E}.Debug|Any CPU.ActiveCfg = Debug|Any CPU
		{450DA457-96C6-4652-80EA-44E214FE429E}.Debug|Any CPU.Build.0 = Debug|Any CPU
		{450DA457-96C6-4652-80EA-44E214FE429E}.Release|Any CPU.ActiveCfg = Release|Any CPU
		{450DA457-96C6-4652-80EA-44E214FE429E}.Release|Any CPU.Build.0 = Release|Any CPU
	EndGlobalSection
	GlobalSection(SolutionProperties) = preSolution
		HideSolutionNode = FALSE
	EndGlobalSection
	GlobalSection(ExtensibilityGlobals) = postSolution
		SolutionGuid = {E2CCE752-B14D-4557-A540-AF2AD75D57EF}
	EndGlobalSection
EndGlobal
